
Microsoft Visual Studio Solution File, Format Version 12.00
# Visual Studio Version 17
VisualStudioVersion = 17.5.002.0
MinimumVisualStudioVersion = 10.0.40219.1
Project("{9A19103F-16F7-4668-BE54-9A1E7A4F7556}") = "ExperienceMap", "ExperienceMap.csproj", "{80E63237-8312-4135-90CA-23DB5E314711}"
EndProject
Global
	GlobalSection(SolutionConfigurationPlatforms) = preSolution
		Debug|Any CPU = Debug|Any CPU
		Release|Any CPU = Release|Any CPU
	EndGlobalSection
	GlobalSection(ProjectConfigurationPlatforms) = postSolution
		{80E63237-8312-4135-90CA-23DB5E314711}.Debug|Any CPU.ActiveCfg = Debug|Any CPU
		{80E63237-8312-4135-90CA-23DB5E314711}.Debug|Any CPU.Build.0 = Debug|Any CPU
		{80E63237-8312-4135-90CA-23DB5E314711}.Release|Any CPU.ActiveCfg = Release|Any CPU
		{80E63237-8312-4135-90CA-23DB5E314711}.Release|Any CPU.Build.0 = Release|Any CPU
	EndGlobalSection
	GlobalSection(SolutionProperties) = preSolution
		HideSolutionNode = FALSE
	EndGlobalSection
	GlobalSection(ExtensibilityGlobals) = postSolution
		SolutionGuid = {219E09C5-D2D2-4B51-AFD3-0D6EB1DEFACC}
	EndGlobalSection
EndGlobal
